// !$*UTF8*$!
{
	archiveVersion = 1;
	classes = {
	};
	objectVersion = 50;
	objects = {

/* Begin PBXBuildFile section */
		1802004F2237CBCB006C4199 /* AppDelegate.swift in Sources */ = {isa = PBXBuildFile; fileRef = 1802004E2237CBCB006C4199 /* AppDelegate.swift */; };
		180200512237CBCB006C4199 /* ViewController.swift in Sources */ = {isa = PBXBuildFile; fileRef = 180200502237CBCB006C4199 /* ViewController.swift */; };
		180200542237CBCB006C4199 /* Main.storyboard in Resources */ = {isa = PBXBuildFile; fileRef = 180200522237CBCB006C4199 /* Main.storyboard */; };
		180200562237CBCC006C4199 /* Assets.xcassets in Resources */ = {isa = PBXBuildFile; fileRef = 180200552237CBCC006C4199 /* Assets.xcassets */; };
		180200592237CBCC006C4199 /* LaunchScreen.storyboard in Resources */ = {isa = PBXBuildFile; fileRef = 180200572237CBCC006C4199 /* LaunchScreen.storyboard */; };
		180200642237CBCC006C4199 /* _0190312Tests.swift in Sources */ = {isa = PBXBuildFile; fileRef = 180200632237CBCC006C4199 /* _0190312Tests.swift */; };
		1802006F2237CBCC006C4199 /* _0190312UITests.swift in Sources */ = {isa = PBXBuildFile; fileRef = 1802006E2237CBCC006C4199 /* _0190312UITests.swift */; };
/* End PBXBuildFile section */

/* Begin PBXContainerItemProxy section */
		180200602237CBCC006C4199 /* PBXContainerItemProxy */ = {
			isa = PBXContainerItemProxy;
			containerPortal = 180200432237CBCB006C4199 /* Project object */;
			proxyType = 1;
			remoteGlobalIDString = 1802004A2237CBCB006C4199;
			remoteInfo = 20190312;
		};
		1802006B2237CBCC006C4199 /* PBXContainerItemProxy */ = {
			isa = PBXContainerItemProxy;
			containerPortal = 180200432237CBCB006C4199 /* Project object */;
			proxyType = 1;
			remoteGlobalIDString = 1802004A2237CBCB006C4199;
			remoteInfo = 20190312;
		};
/* End PBXContainerItemProxy section */

/* Begin PBXFileReference section */
		1802004B2237CBCB006C4199 /* 20190312.app */ = {isa = PBXFileReference; explicitFileType = wrapper.application; includeInIndex = 0; path = 20190312.app; sourceTree = BUILT_PRODUCTS_DIR; };
		1802004E2237CBCB006C4199 /* AppDelegate.swift */ = {isa = PBXFileReference; lastKnownFileType = sourcecode.swift; path = AppDelegate.swift; sourceTree = "<group>"; };
		180200502237CBCB006C4199 /* ViewController.swift */ = {isa = PBXFileReference; lastKnownFileType = sourcecode.swift; path = ViewController.swift; sourceTree = "<group>"; };
		180200532237CBCB006C4199 /* Base */ = {isa = PBXFileReference; lastKnownFileType = file.storyboard; name = Base; path = Base.lproj/Main.storyboard; sourceTree = "<group>"; };
		180200552237CBCC006C4199 /* Assets.xcassets */ = {isa = PBXFileReference; lastKnownFileType = folder.assetcatalog; path = Assets.xcassets; sourceTree = "<group>"; };
		180200582237CBCC006C4199 /* Base */ = {isa = PBXFileReference; lastKnownFileType = file.storyboard; name = Base; path = Base.lproj/LaunchScreen.storyboard; sourceTree = "<group>"; };
		1802005A2237CBCC006C4199 /* Info.plist */ = {isa = PBXFileReference; lastKnownFileType = text.plist.xml; path = Info.plist; sourceTree = "<group>"; };
		1802005F2237CBCC006C4199 /* 20190312Tests.xctest */ = {isa = PBXFileReference; explicitFileType = wrapper.cfbundle; includeInIndex = 0; path = 20190312Tests.xctest; sourceTree = BUILT_PRODUCTS_DIR; };
		180200632237CBCC006C4199 /* _0190312Tests.swift */ = {isa = PBXFileReference; lastKnownFileType = sourcecode.swift; path = _0190312Tests.swift; sourceTree = "<group>"; };
		180200652237CBCC006C4199 /* Info.plist */ = {isa = PBXFileReference; lastKnownFileType = text.plist.xml; path = Info.plist; sourceTree = "<group>"; };
		1802006A2237CBCC006C4199 /* 20190312UITests.xctest */ = {isa = PBXFileReference; explicitFileType = wrapper.cfbundle; includeInIndex = 0; path = 20190312UITests.xctest; sourceTree = BUILT_PRODUCTS_DIR; };
		1802006E2237CBCC006C4199 /* _0190312UITests.swift */ = {isa = PBXFileReference; lastKnownFileType = sourcecode.swift; path = _0190312UITests.swift; sourceTree = "<group>"; };
		180200702237CBCC006C4199 /* Info.plist */ = {isa = PBXFileReference; lastKnownFileType = text.plist.xml; path = Info.plist; sourceTree = "<group>"; };
/* End PBXFileReference section */

/* Begin PBXFrameworksBuildPhase section */
		180200482237CBCB006C4199 /* Frameworks */ = {
			isa = PBXFrameworksBuildPhase;
			buildActionMask = 2147483647;
			files = (
			);
			runOnlyForDeploymentPostprocessing = 0;
		};
		1802005C2237CBCC006C4199 /* Frameworks */ = {
			isa = PBXFrameworksBuildPhase;
			buildActionMask = 2147483647;
			files = (
			);
			runOnlyForDeploymentPostprocessing = 0;
		};
		180200672237CBCC006C4199 /* Frameworks */ = {
			isa = PBXFrameworksBuildPhase;
			buildActionMask = 2147483647;
			files = (
			);
			runOnlyForDeploymentPostprocessing = 0;
		};
/* End PBXFrameworksBuildPhase section */

/* Begin PBXGroup section */
		180200422237CBCB006C4199 = {
			isa = PBXGroup;
			children = (
				1802004D2237CBCB006C4199 /* 20190312 */,
				180200622237CBCC006C4199 /* 20190312Tests */,
				1802006D2237CBCC006C4199 /* 20190312UITests */,
				1802004C2237CBCB006C4199 /* Products */,
			);
			sourceTree = "<group>";
		};
		1802004C2237CBCB006C4199 /* Products */ = {
			isa = PBXGroup;
			children = (
				1802004B2237CBCB006C4199 /* 20190312.app */,
				1802005F2237CBCC006C4199 /* 20190312Tests.xctest */,
				1802006A2237CBCC006C4199 /* 20190312UITests.xctest */,
			);
			name = Products;
			sourceTree = "<group>";
		};
		1802004D2237CBCB006C4199 /* 20190312 */ = {
			isa = PBXGroup;
			children = (
				1802004E2237CBCB006C4199 /* AppDelegate.swift */,
				180200502237CBCB006C4199 /* ViewController.swift */,
				180200522237CBCB006C4199 /* Main.storyboard */,
				180200552237CBCC006C4199 /* Assets.xcassets */,
				180200572237CBCC006C4199 /* LaunchScreen.storyboard */,
				1802005A2237CBCC006C4199 /* Info.plist */,
			);
			path = 20190312;
			sourceTree = "<group>";
		};
		180200622237CBCC006C4199 /* 20190312Tests */ = {
			isa = PBXGroup;
			children = (
				180200632237CBCC006C4199 /* _0190312Tests.swift */,
				180200652237CBCC006C4199 /* Info.plist */,
			);
			path = 20190312Tests;
			sourceTree = "<group>";
		};
		1802006D2237CBCC006C4199 /* 20190312UITests */ = {
			isa = PBXGroup;
			children = (
				1802006E2237CBCC006C4199 /* _0190312UITests.swift */,
				180200702237CBCC006C4199 /* Info.plist */,
			);
			path = 20190312UITests;
			sourceTree = "<group>";
		};
/* End PBXGroup section */

/* Begin PBXNativeTarget section */
		1802004A2237CBCB006C4199 /* 20190312 */ = {
			isa = PBXNativeTarget;
			buildConfigurationList = 180200732237CBCC006C4199 /* Build configuration list for PBXNativeTarget "20190312" */;
			buildPhases = (
				180200472237CBCB006C4199 /* Sources */,
				180200482237CBCB006C4199 /* Frameworks */,
				180200492237CBCB006C4199 /* Resources */,
			);
			buildRules = (
			);
			dependencies = (
			);
			name = 20190312;
			productName = 20190312;
			productReference = 1802004B2237CBCB006C4199 /* 20190312.app */;
			productType = "com.apple.product-type.application";
		};
		1802005E2237CBCC006C4199 /* 20190312Tests */ = {
			isa = PBXNativeTarget;
			buildConfigurationList = 180200762237CBCC006C4199 /* Build configuration list for PBXNativeTarget "20190312Tests" */;
			buildPhases = (
				1802005B2237CBCC006C4199 /* Sources */,
				1802005C2237CBCC006C4199 /* Frameworks */,
				1802005D2237CBCC006C4199 /* Resources */,
			);
			buildRules = (
			);
			dependencies = (
				180200612237CBCC006C4199 /* PBXTargetDependency */,
			);
			name = 20190312Tests;
			productName = 20190312Tests;
			productReference = 1802005F2237CBCC006C4199 /* 20190312Tests.xctest */;
			productType = "com.apple.product-type.bundle.unit-test";
		};
		180200692237CBCC006C4199 /* 20190312UITests */ = {
			isa = PBXNativeTarget;
			buildConfigurationList = 180200792237CBCC006C4199 /* Build configuration list for PBXNativeTarget "20190312UITests" */;
			buildPhases = (
				180200662237CBCC006C4199 /* Sources */,
				180200672237CBCC006C4199 /* Frameworks */,
				180200682237CBCC006C4199 /* Resources */,
			);
			buildRules = (
			);
			dependencies = (
				1802006C2237CBCC006C4199 /* PBXTargetDependency */,
			);
			name = 20190312UITests;
			productName = 20190312UITests;
			productReference = 1802006A2237CBCC006C4199 /* 20190312UITests.xctest */;
			productType = "com.apple.product-type.bundle.ui-testing";
		};
/* End PBXNativeTarget section */

/* Begin PBXProject section */
		180200432237CBCB006C4199 /* Project object */ = {
			isa = PBXProject;
			attributes = {
				LastSwiftUpdateCheck = 1020;
				LastUpgradeCheck = 1020;
				ORGANIZATIONNAME = apple;
				TargetAttributes = {
					1802004A2237CBCB006C4199 = {
						CreatedOnToolsVersion = 10.2;
					};
					1802005E2237CBCC006C4199 = {
						CreatedOnToolsVersion = 10.2;
						TestTargetID = 1802004A2237CBCB006C4199;
					};
					180200692237CBCC006C4199 = {
						CreatedOnToolsVersion = 10.2;
						TestTargetID = 1802004A2237CBCB006C4199;
					};
				};
			};
			buildConfigurationList = 180200462237CBCB006C4199 /* Build configuration list for PBXProject "20190312 拷貝" */;
			compatibilityVersion = "Xcode 9.3";
			developmentRegion = en;
			hasScannedForEncodings = 0;
			knownRegions = (
				en,
				Base,
			);
			mainGroup = 180200422237CBCB006C4199;
			productRefGroup = 1802004C2237CBCB006C4199 /* Products */;
			projectDirPath = "";
			projectRoot = "";
			targets = (
				1802004A2237CBCB006C4199 /* 20190312 */,
				1802005E2237CBCC006C4199 /* 20190312Tests */,
				180200692237CBCC006C4199 /* 20190312UITests */,
			);
		};
/* End PBXProject section */

/* Begin PBXResourcesBuildPhase section */
		180200492237CBCB006C4199 /* Resources */ = {
			isa = PBXResourcesBuildPhase;
			buildActionMask = 2147483647;
			files = (
				180200592237CBCC006C4199 /* LaunchScreen.storyboard in Resources */,
				180200562237CBCC006C4199 /* Assets.xcassets in Resources */,
				180200542237CBCB006C4199 /* Main.storyboard in Resources */,
			);
			runOnlyForDeploymentPostprocessing = 0;
		};
		1802005D2237CBCC006C4199 /* Resources */ = {
			isa = PBXResourcesBuildPhase;
			buildActionMask = 2147483647;
			files = (
			);
			runOnlyForDeploymentPostprocessing = 0;
		};
		180200682237CBCC006C4199 /* Resources */ = {
			isa = PBXResourcesBuildPhase;
			buildActionMask = 2147483647;
			files = (
			);
			runOnlyForDeploymentPostprocessing = 0;
		};
/* End PBXResourcesBuildPhase section */

/* Begin PBXSourcesBuildPhase section */
		180200472237CBCB006C4199 /* Sources */ = {
			isa = PBXSourcesBuildPhase;
			buildActionMask = 2147483647;
			files = (
				180200512237CBCB006C4199 /* ViewController.swift in Sources */,
				1802004F2237CBCB006C4199 /* AppDelegate.swift in Sources */,
			);
			runOnlyForDeploymentPostprocessing = 0;
		};
		1802005B2237CBCC006C4199 /* Sources */ = {
			isa = PBXSourcesBuildPhase;
			buildActionMask = 2147483647;
			files = (
				180200642237CBCC006C4199 /* _0190312Tests.swift in Sources */,
			);
			runOnlyForDeploymentPostprocessing = 0;
		};
		180200662237CBCC006C4199 /* Sources */ = {
			isa = PBXSourcesBuildPhase;
			buildActionMask = 2147483647;
			files = (
				1802006F2237CBCC006C4199 /* _0190312UITests.swift in Sources */,
			);
			runOnlyForDeploymentPostprocessing = 0;
		};
/* End PBXSourcesBuildPhase section */

/* Begin PBXTargetDependency section */
		180200612237CBCC006C4199 /* PBXTargetDependency */ = {
			isa = PBXTargetDependency;
			target = 1802004A2237CBCB006C4199 /* 20190312 */;
			targetProxy = 180200602237CBCC006C4199 /* PBXContainerItemProxy */;
		};
		1802006C2237CBCC006C4199 /* PBXTargetDependency */ = {
			isa = PBXTargetDependency;
			target = 1802004A2237CBCB006C4199 /* 20190312 */;
			targetProxy = 1802006B2237CBCC006C4199 /* PBXContainerItemProxy */;
		};
/* End PBXTargetDependency section */

/* Begin PBXVariantGroup section */
		180200522237CBCB006C4199 /* Main.storyboard */ = {
			isa = PBXVariantGroup;
			children = (
				180200532237CBCB006C4199 /* Base */,
			);
			name = Main.storyboard;
			sourceTree = "<group>";
		};
		180200572237CBCC006C4199 /* LaunchScreen.storyboard */ = {
			isa = PBXVariantGroup;
			children = (
				180200582237CBCC006C4199 /* Base */,
			);
			name = LaunchScreen.storyboard;
			sourceTree = "<group>";
		};
/* End PBXVariantGroup section */

/* Begin XCBuildConfiguration section */
		180200712237CBCC006C4199 /* Debug */ = {
			isa = XCBuildConfiguration;
			buildSettings = {
				ALWAYS_SEARCH_USER_PATHS = NO;
				CLANG_ANALYZER_NONNULL = YES;
				CLANG_ANALYZER_NUMBER_OBJECT_CONVERSION = YES_AGGRESSIVE;
				CLANG_CXX_LANGUAGE_STANDARD = "gnu++14";
				CLANG_CXX_LIBRARY = "libc++";
				CLANG_ENABLE_MODULES = YES;
				CLANG_ENABLE_OBJC_ARC = YES;
				CLANG_ENABLE_OBJC_WEAK = YES;
				CLANG_WARN_BLOCK_CAPTURE_AUTORELEASING = YES;
				CLANG_WARN_BOOL_CONVERSION = YES;
				CLANG_WARN_COMMA = YES;
				CLANG_WARN_CONSTANT_CONVERSION = YES;
				CLANG_WARN_DEPRECATED_OBJC_IMPLEMENTATIONS = YES;
				CLANG_WARN_DIRECT_OBJC_ISA_USAGE = YES_ERROR;
				CLANG_WARN_DOCUMENTATION_COMMENTS = YES;
				CLANG_WARN_EMPTY_BODY = YES;
				CLANG_WARN_ENUM_CONVERSION = YES;
				CLANG_WARN_INFINITE_RECURSION = YES;
				CLANG_WARN_INT_CONVERSION = YES;
				CLANG_WARN_NON_LITERAL_NULL_CONVERSION = YES;
				CLANG_WARN_OBJC_IMPLICIT_RETAIN_SELF = YES;
				CLANG_WARN_OBJC_LITERAL_CONVERSION = YES;
				CLANG_WARN_OBJC_ROOT_CLASS = YES_ERROR;
				CLANG_WARN_RANGE_LOOP_ANALYSIS = YES;
				CLANG_WARN_STRICT_PROTOTYPES = YES;
				CLANG_WARN_SUSPICIOUS_MOVE = YES;
				CLANG_WARN_UNGUARDED_AVAILABILITY = YES_AGGRESSIVE;
				CLANG_WARN_UNREACHABLE_CODE = YES;
				CLANG_WARN__DUPLICATE_METHOD_MATCH = YES;
				CODE_SIGN_IDENTITY = "iPhone Developer";
				COPY_PHASE_STRIP = NO;
				DEBUG_INFORMATION_FORMAT = dwarf;
				ENABLE_STRICT_OBJC_MSGSEND = YES;
				ENABLE_TESTABILITY = YES;
				GCC_C_LANGUAGE_STANDARD = gnu11;
				GCC_DYNAMIC_NO_PIC = NO;
				GCC_NO_COMMON_BLOCKS = YES;
				GCC_OPTIMIZATION_LEVEL = 0;
				GCC_PREPROCESSOR_DEFINITIONS = (
					"DEBUG=1",
					"$(inherited)",
				);
				GCC_WARN_64_TO_32_BIT_CONVERSION = YES;
				GCC_WARN_ABOUT_RETURN_TYPE = YES_ERROR;
				GCC_WARN_UNDECLARED_SELECTOR = YES;
				GCC_WARN_UNINITIALIZED_AUTOS = YES_AGGRESSIVE;
				GCC_WARN_UNUSED_FUNCTION = YES;
				GCC_WARN_UNUSED_VARIABLE = YES;
				IPHONEOS_DEPLOYMENT_TARGET = 12.2;
				MTL_ENABLE_DEBUG_INFO = INCLUDE_SOURCE;
				MTL_FAST_MATH = YES;
				ONLY_ACTIVE_ARCH = YES;
				SDKROOT = iphoneos;
				SWIFT_ACTIVE_COMPILATION_CONDITIONS = DEBUG;
				SWIFT_OPTIMIZATION_LEVEL = "-Onone";
			};
			name = Debug;
		};
		180200722237CBCC006C4199 /* Release */ = {
			isa = XCBuildConfiguration;
			buildSettings = {
				ALWAYS_SEARCH_USER_PATHS = NO;
				CLANG_ANALYZER_NONNULL = YES;
				CLANG_ANALYZER_NUMBER_OBJECT_CONVERSION = YES_AGGRESSIVE;
				CLANG_CXX_LANGUAGE_STANDARD = "gnu++14";
				CLANG_CXX_LIBRARY = "libc++";
				CLANG_ENABLE_MODULES = YES;
				CLANG_ENABLE_OBJC_ARC = YES;
				CLANG_ENABLE_OBJC_WEAK = YES;
				CLANG_WARN_BLOCK_CAPTURE_AUTORELEASING = YES;
				CLANG_WARN_BOOL_CONVERSION = YES;
				CLANG_WARN_COMMA = YES;
				CLANG_WARN_CONSTANT_CONVERSION = YES;
				CLANG_WARN_DEPRECATED_OBJC_IMPLEMENTATIONS = YES;
				CLANG_WARN_DIRECT_OBJC_ISA_USAGE = YES_ERROR;
				CLANG_WARN_DOCUMENTATION_COMMENTS = YES;
				CLANG_WARN_EMPTY_BODY = YES;
				CLANG_WARN_ENUM_CONVERSION = YES;
				CLANG_WARN_INFINITE_RECURSION = YES;
				CLANG_WARN_INT_CONVERSION = YES;
				CLANG_WARN_NON_LITERAL_NULL_CONVERSION = YES;
				CLANG_WARN_OBJC_IMPLICIT_RETAIN_SELF = YES;
				CLANG_WARN_OBJC_LITERAL_CONVERSION = YES;
				CLANG_WARN_OBJC_ROOT_CLASS = YES_ERROR;
				CLANG_WARN_RANGE_LOOP_ANALYSIS = YES;
				CLANG_WARN_STRICT_PROTOTYPES = YES;
				CLANG_WARN_SUSPICIOUS_MOVE = YES;
				CLANG_WARN_UNGUARDED_AVAILABILITY = YES_AGGRESSIVE;
				CLANG_WARN_UNREACHABLE_CODE = YES;
				CLANG_WARN__DUPLICATE_METHOD_MATCH = YES;
				CODE_SIGN_IDENTITY = "iPhone Developer";
				COPY_PHASE_STRIP = NO;
				DEBUG_INFORMATION_FORMAT = "dwarf-with-dsym";
				ENABLE_NS_ASSERTIONS = NO;
				ENABLE_STRICT_OBJC_MSGSEND = YES;
				GCC_C_LANGUAGE_STANDARD = gnu11;
				GCC_NO_COMMON_BLOCKS = YES;
				GCC_WARN_64_TO_32_BIT_CONVERSION = YES;
				GCC_WARN_ABOUT_RETURN_TYPE = YES_ERROR;
				GCC_WARN_UNDECLARED_SELECTOR = YES;
				GCC_WARN_UNINITIALIZED_AUTOS = YES_AGGRESSIVE;
				GCC_WARN_UNUSED_FUNCTION = YES;
				GCC_WARN_UNUSED_VARIABLE = YES;
				IPHONEOS_DEPLOYMENT_TARGET = 12.2;
				MTL_ENABLE_DEBUG_INFO = NO;
				MTL_FAST_MATH = YES;
				SDKROOT = iphoneos;
				SWIFT_COMPILATION_MODE = wholemodule;
				SWIFT_OPTIMIZATION_LEVEL = "-O";
				VALIDATE_PRODUCT = YES;
			};
			name = Release;
		};
		180200742237CBCC006C4199 /* Debug */ = {
			isa = XCBuildConfiguration;
			buildSettings = {
				ASSETCATALOG_COMPILER_APPICON_NAME = AppIcon;
				CODE_SIGN_STYLE = Automatic;
				DEVELOPMENT_TEAM = MN7P8VT87Y;
				INFOPLIST_FILE = 20190312/Info.plist;
				LD_RUNPATH_SEARCH_PATHS = (
					"$(inherited)",
					"@executable_path/Frameworks",
				);
				PRODUCT_BUNDLE_IDENTIFIER = "mia.-0190312";
				PRODUCT_NAME = "$(TARGET_NAME)";
				SWIFT_VERSION = 5.0;
				TARGETED_DEVICE_FAMILY = "1,2";
			};
			name = Debug;
		};
		180200752237CBCC006C4199 /* Release */ = {
			isa = XCBuildConfiguration;
			buildSettings = {
				ASSETCATALOG_COMPILER_APPICON_NAME = AppIcon;
				CODE_SIGN_STYLE = Automatic;
				DEVELOPMENT_TEAM = MN7P8VT87Y;
				INFOPLIST_FILE = 20190312/Info.plist;
				LD_RUNPATH_SEARCH_PATHS = (
					"$(inherited)",
					"@executable_path/Frameworks",
				);
				PRODUCT_BUNDLE_IDENTIFIER = "mia.-0190312";
				PRODUCT_NAME = "$(TARGET_NAME)";
				SWIFT_VERSION = 5.0;
				TARGETED_DEVICE_FAMILY = "1,2";
			};
			name = Release;
		};
		180200772237CBCC006C4199 /* Debug */ = {
			isa = XCBuildConfiguration;
			buildSettings = {
				ALWAYS_EMBED_SWIFT_STANDARD_LIBRARIES = YES;
				BUNDLE_LOADER = "$(TEST_HOST)";
				CODE_SIGN_STYLE = Automatic;
				DEVELOPMENT_TEAM = MN7P8VT87Y;
				INFOPLIST_FILE = 20190312Tests/Info.plist;
				LD_RUNPATH_SEARCH_PATHS = (
					"$(inherited)",
					"@executable_path/Frameworks",
					"@loader_path/Frameworks",
				);
				PRODUCT_BUNDLE_IDENTIFIER = "mia.-0190312Tests";
				PRODUCT_NAME = "$(TARGET_NAME)";
				SWIFT_VERSION = 5.0;
				TARGETED_DEVICE_FAMILY = "1,2";
				TEST_HOST = "$(BUILT_PRODUCTS_DIR)/20190312.app/20190312";
			};
			name = Debug;
		};
		180200782237CBCC006C4199 /* Release */ = {
			isa = XCBuildConfiguration;
			buildSettings = {
				ALWAYS_EMBED_SWIFT_STANDARD_LIBRARIES = YES;
				BUNDLE_LOADER = "$(TEST_HOST)";
				CODE_SIGN_STYLE = Automatic;
				DEVELOPMENT_TEAM = MN7P8VT87Y;
				INFOPLIST_FILE = 20190312Tests/Info.plist;
				LD_RUNPATH_SEARCH_PATHS = (
					"$(inherited)",
					"@executable_path/Frameworks",
					"@loader_path/Frameworks",
				);
				PRODUCT_BUNDLE_IDENTIFIER = "mia.-0190312Tests";
				PRODUCT_NAME = "$(TARGET_NAME)";
				SWIFT_VERSION = 5.0;
				TARGETED_DEVICE_FAMILY = "1,2";
				TEST_HOST = "$(BUILT_PRODUCTS_DIR)/20190312.app/20190312";
			};
			name = Release;
		};
		1802007A2237CBCC006C4199 /* Debug */ = {
			isa = XCBuildConfiguration;
			buildSettings = {
				ALWAYS_EMBED_SWIFT_STANDARD_LIBRARIES = YES;
				CODE_SIGN_STYLE = Automatic;
				DEVELOPMENT_TEAM = MN7P8VT87Y;
				INFOPLIST_FILE = 20190312UITests/Info.plist;
				LD_RUNPATH_SEARCH_PATHS = (
					"$(inherited)",
					"@executable_path/Frameworks",
					"@loader_path/Frameworks",
				);
				PRODUCT_BUNDLE_IDENTIFIER = "mia.-0190312UITests";
				PRODUCT_NAME = "$(TARGET_NAME)";
				SWIFT_VERSION = 5.0;
				TARGETED_DEVICE_FAMILY = "1,2";
				TEST_TARGET_NAME = 20190312;
			};
			name = Debug;
		};
		1802007B2237CBCC006C4199 /* Release */ = {
			isa = XCBuildConfiguration;
			buildSettings = {
				ALWAYS_EMBED_SWIFT_STANDARD_LIBRARIES = YES;
				CODE_SIGN_STYLE = Automatic;
				DEVELOPMENT_TEAM = MN7P8VT87Y;
				INFOPLIST_FILE = 20190312UITests/Info.plist;
				LD_RUNPATH_SEARCH_PATHS = (
					"$(inherited)",
					"@executable_path/Frameworks",
					"@loader_path/Frameworks",
				);
				PRODUCT_BUNDLE_IDENTIFIER = "mia.-0190312UITests";
				PRODUCT_NAME = "$(TARGET_NAME)";
				SWIFT_VERSION = 5.0;
				TARGETED_DEVICE_FAMILY = "1,2";
				TEST_TARGET_NAME = 20190312;
			};
			name = Release;
		};
/* End XCBuildConfiguration section */

/* Begin XCConfigurationList section */
		180200462237CBCB006C4199 /* Build configuration list for PBXProject "20190312 拷貝" */ = {
			isa = XCConfigurationList;
			buildConfigurations = (
				180200712237CBCC006C4199 /* Debug */,
				180200722237CBCC006C4199 /* Release */,
			);
			defaultConfigurationIsVisible = 0;
			defaultConfigurationName = Release;
		};
		180200732237CBCC006C4199 /* Build configuration list for PBXNativeTarget "20190312" */ = {
			isa = XCConfigurationList;
			buildConfigurations = (
				180200742237CBCC006C4199 /* Debug */,
				180200752237CBCC006C4199 /* Release */,
			);
			defaultConfigurationIsVisible = 0;
			defaultConfigurationName = Release;
		};
		180200762237CBCC006C4199 /* Build configuration list for PBXNativeTarget "20190312Tests" */ = {
			isa = XCConfigurationList;
			buildConfigurations = (
				180200772237CBCC006C4199 /* Debug */,
				180200782237CBCC006C4199 /* Release */,
			);
			defaultConfigurationIsVisible = 0;
			defaultConfigurationName = Release;
		};
		180200792237CBCC006C4199 /* Build configuration list for PBXNativeTarget "20190312UITests" */ = {
			isa = XCConfigurationList;
			buildConfigurations = (
				1802007A2237CBCC006C4199 /* Debug */,
				1802007B2237CBCC006C4199 /* Release */,
			);
			defaultConfigurationIsVisible = 0;
			defaultConfigurationName = Release;
		};
/* End XCConfigurationList section */
	};
	rootObject = 180200432237CBCB006C4199 /* Project object */;
}
